
Microsoft Visual Studio Solution File, Format Version 12.00
# Visual Studio 14
VisualStudioVersion = 14.0.23107.0
MinimumVisualStudioVersion = 10.0.40219.1
Project("{FAE04EC0-301F-11D3-BF4B-00C04F79EFBC}") = "Earthware.Nancy.Authentication.Forms", "Earthware.Nancy.Authentication.Forms\Earthware.Nancy.Authentication.Forms.csproj", "{E8B18958-7C8A-4FBA-AF00-3041C34A20CE}"
EndProject
Project("{FAE04EC0-301F-11D3-BF4B-00C04F79EFBC}") = "Earthware.Nancy.Authentication.Forms.Test", "Earthware.Nancy.Authentication.Forms.Test\Earthware.Nancy.Authentication.Forms.Test.csproj", "{47FC3096-8584-491E-8818-7D0C017EA555}"
EndProject
Project("{2150E333-8FDC-42A3-9474-1A3956D46DE8}") = "Solution Items", "Solution Items", "{E379DCDB-764A-424F-AE3E-D8FDBA944F19}"
	ProjectSection(SolutionItems) = preProject
		.gitattributes = .gitattributes
		.gitignore = .gitignore
		README.md = README.md
		Settings.StyleCop = Settings.StyleCop
	EndProjectSection
EndProject
Project("{FAE04EC0-301F-11D3-BF4B-00C04F79EFBC}") = "Earthware.Nancy.Authentication.Forms.Raven", "Earthware.Nancy.Authentication.Forms.Raven\Earthware.Nancy.Authentication.Forms.Raven.csproj", "{3CCF0621-F00C-42B4-8498-118C0006D95A}"
EndProject
Global
	GlobalSection(SolutionConfigurationPlatforms) = preSolution
		Debug|Any CPU = Debug|Any CPU
		MonoDebug|Any CPU = MonoDebug|Any CPU
		MonoRelease|Any CPU = MonoRelease|Any CPU
		Release|Any CPU = Release|Any CPU
	EndGlobalSection
	GlobalSection(ProjectConfigurationPlatforms) = postSolution
		{E8B18958-7C8A-4FBA-AF00-3041C34A20CE}.Debug|Any CPU.ActiveCfg = Debug|Any CPU
		{E8B18958-7C8A-4FBA-AF00-3041C34A20CE}.Debug|Any CPU.Build.0 = Debug|Any CPU
		{E8B18958-7C8A-4FBA-AF00-3041C34A20CE}.MonoDebug|Any CPU.ActiveCfg = MonoDebug|Any CPU
		{E8B18958-7C8A-4FBA-AF00-3041C34A20CE}.MonoDebug|Any CPU.Build.0 = MonoDebug|Any CPU
		{E8B18958-7C8A-4FBA-AF00-3041C34A20CE}.MonoRelease|Any CPU.ActiveCfg = MonoRelease|Any CPU
		{E8B18958-7C8A-4FBA-AF00-3041C34A20CE}.MonoRelease|Any CPU.Build.0 = MonoRelease|Any CPU
		{E8B18958-7C8A-4FBA-AF00-3041C34A20CE}.Release|Any CPU.ActiveCfg = Release|Any CPU
		{E8B18958-7C8A-4FBA-AF00-3041C34A20CE}.Release|Any CPU.Build.0 = Release|Any CPU
		{47FC3096-8584-491E-8818-7D0C017EA555}.Debug|Any CPU.ActiveCfg = Debug|Any CPU
		{47FC3096-8584-491E-8818-7D0C017EA555}.Debug|Any CPU.Build.0 = Debug|Any CPU
		{47FC3096-8584-491E-8818-7D0C017EA555}.MonoDebug|Any CPU.ActiveCfg = Debug|Any CPU
		{47FC3096-8584-491E-8818-7D0C017EA555}.MonoDebug|Any CPU.Build.0 = Debug|Any CPU
		{47FC3096-8584-491E-8818-7D0C017EA555}.MonoRelease|Any CPU.ActiveCfg = Release|Any CPU
		{47FC3096-8584-491E-8818-7D0C017EA555}.MonoRelease|Any CPU.Build.0 = Release|Any CPU
		{47FC3096-8584-491E-8818-7D0C017EA555}.Release|Any CPU.ActiveCfg = Release|Any CPU
		{47FC3096-8584-491E-8818-7D0C017EA555}.Release|Any CPU.Build.0 = Release|Any CPU
		{3CCF0621-F00C-42B4-8498-118C0006D95A}.Debug|Any CPU.ActiveCfg = Debug|Any CPU
		{3CCF0621-F00C-42B4-8498-118C0006D95A}.Debug|Any CPU.Build.0 = Debug|Any CPU
		{3CCF0621-F00C-42B4-8498-118C0006D95A}.MonoDebug|Any CPU.ActiveCfg = Debug|Any CPU
		{3CCF0621-F00C-42B4-8498-118C0006D95A}.MonoDebug|Any CPU.Build.0 = Debug|Any CPU
		{3CCF0621-F00C-42B4-8498-118C0006D95A}.MonoRelease|Any CPU.ActiveCfg = Release|Any CPU
		{3CCF0621-F00C-42B4-8498-118C0006D95A}.MonoRelease|Any CPU.Build.0 = Release|Any CPU
		{3CCF0621-F00C-42B4-8498-118C0006D95A}.Release|Any CPU.ActiveCfg = Release|Any CPU
		{3CCF0621-F00C-42B4-8498-118C0006D95A}.Release|Any CPU.Build.0 = Release|Any CPU
	EndGlobalSection
	GlobalSection(SolutionProperties) = preSolution
		HideSolutionNode = FALSE
	EndGlobalSection
EndGlobal
